# This file is automatically @generated by Poetry 1.8.3 and should not be changed by hand.

[[package]]
name = "sdbus"
version = "0.12.0"
description = "Modern Python D-Bus library. Based on sd-bus from libsystemd."
optional = false
python-versions = ">=3.7"
files = [
    {file = "sdbus-0.12.0-cp37-abi3-manylinux_2_17_aarch64.manylinux2014_aarch64.whl", hash = "sha256:d918c8ad14ef00e589d6752ac0f2b6540a20c625e85000c152376945fca14209"},
    {file = "sdbus-0.12.0-cp37-abi3-manylinux_2_17_x86_64.manylinux2014_x86_64.whl", hash = "sha256:d545e65637536a63898e2366b2a74617aa1a2215b1c16b23475f912e3407838c"},
    {file = "sdbus-0.12.0.tar.gz", hash = "sha256:c3692d75704438a78adc1439350bc32f30d6b38ad344cfc94773db89c6ce4a89"},
]

[metadata]
lock-version = "2.0"
python-versions = "^3.10"
content-hash = "daa6677f99b48852edb417a1006f3c9b660fbe19801c225acdf9f0d1b870110a"
